# This file is automatically @generated by Cargo.
# It is not intended for manual editing.
version = 3

[[package]]
name = "llvm"
version = "0.1.0"
dependencies = [
 "llvm-analysis",
 "llvm-bitcode",
 "llvm-codegen",
 "llvm-ir",
 "llvm-ir-parser",
 "llvm-target-arm",
 "llvm-target-x86",
 "llvm-transforms",
]

[[package]]
name = "llvm-analysis"
version = "0.1.0"
dependencies = [
 "llvm-ir",
]

[[package]]
name = "llvm-bitcode"
version = "0.1.0"
dependencies = [
 "llvm-ir",
]

[[package]]
name = "llvm-codegen"
version = "0.1.0"
dependencies = [
 "llvm-analysis",
 "llvm-ir",
]

[[package]]
name = "llvm-ir"
version = "0.1.0"

[[package]]
name = "llvm-ir-parser"
version = "0.1.0"
dependencies = [
 "llvm-ir",
]

[[package]]
name = "llvm-target-arm"
version = "0.1.0"
dependencies = [
 "llvm-codegen",
 "llvm-ir",
]

[[package]]
name = "llvm-target-x86"
version = "0.1.0"
dependencies = [
 "llvm-codegen",
 "llvm-ir",
]

[[package]]
name = "llvm-transforms"
version = "0.1.0"
dependencies = [
 "llvm-analysis",
 "llvm-ir",
]
